
Microsoft Visual Studio Solution File, Format Version 12.00
# Visual Studio 2013
VisualStudioVersion = 12.0.40629.0
MinimumVisualStudioVersion = 10.0.40219.1
Project("{FAE04EC0-301F-11D3-BF4B-00C04F79EFBC}") = "SFBCommon", "SFBCommon.csproj", "{9E7367B6-51C9-4920-8D2D-FE3C9D033D2A}"
	ProjectSection(ProjectDependencies) = postProject
		{14A0A2C1-1E68-401D-95E7-B516582C0301} = {14A0A2C1-1E68-401D-95E7-B516582C0301}
	EndProjectSection
EndProject
Project("{FAE04EC0-301F-11D3-BF4B-00C04F79EFBC}") = "PolicyHelper", "..\PolicyHelper\PolicyHelper.csproj", "{D897900F-D85A-4869-B2BC-A70163D7E963}"
	ProjectSection(ProjectDependencies) = postProject
		{9E7367B6-51C9-4920-8D2D-FE3C9D033D2A} = {9E7367B6-51C9-4920-8D2D-FE3C9D033D2A}
	EndProjectSection
EndProject
Project("{FAE04EC0-301F-11D3-BF4B-00C04F79EFBC}") = "SFBBaseCommon", "..\SFBBaseCommon\SFBBaseCommon.csproj", "{14A0A2C1-1E68-401D-95E7-B516582C0301}"
EndProject
Project("{FAE04EC0-301F-11D3-BF4B-00C04F79EFBC}") = "NLAssistantWebService", "..\..\Manager\NLAssistantWebService\NLAssistantWebService.csproj", "{18916EE4-BD0A-40C6-B368-1DED56DCA1D3}"
	ProjectSection(ProjectDependencies) = postProject
		{D897900F-D85A-4869-B2BC-A70163D7E963} = {D897900F-D85A-4869-B2BC-A70163D7E963}
		{9E7367B6-51C9-4920-8D2D-FE3C9D033D2A} = {9E7367B6-51C9-4920-8D2D-FE3C9D033D2A}
	EndProjectSection
EndProject
Project("{FAE04EC0-301F-11D3-BF4B-00C04F79EFBC}") = "SIPComponent", "..\..\Server\SIPComponent\SIPComponent.csproj", "{F3433367-2C9C-4A67-8A36-DB660D7CECC6}"
	ProjectSection(ProjectDependencies) = postProject
		{D897900F-D85A-4869-B2BC-A70163D7E963} = {D897900F-D85A-4869-B2BC-A70163D7E963}
		{9E7367B6-51C9-4920-8D2D-FE3C9D033D2A} = {9E7367B6-51C9-4920-8D2D-FE3C9D033D2A}
	EndProjectSection
EndProject
Project("{FAE04EC0-301F-11D3-BF4B-00C04F79EFBC}") = "NLLyncEndpointProxy", "..\..\Client\EndpointProxy\NLLyncEndpointProxy.csproj", "{69911AB0-BB4F-4361-B0F5-E4608A43BA0B}"
	ProjectSection(ProjectDependencies) = postProject
		{141D1F41-808B-4E00-A698-A7702DDAD74C} = {141D1F41-808B-4E00-A698-A7702DDAD74C}
		{54CCEA63-6603-4968-BE3A-9C6DE6F8EF8F} = {54CCEA63-6603-4968-BE3A-9C6DE6F8EF8F}
	EndProjectSection
EndProject
Project("{FAE04EC0-301F-11D3-BF4B-00C04F79EFBC}") = "ChatRobot", "..\ChatRobot\ChatRobot.csproj", "{141D1F41-808B-4E00-A698-A7702DDAD74C}"
	ProjectSection(ProjectDependencies) = postProject
		{9E7367B6-51C9-4920-8D2D-FE3C9D033D2A} = {9E7367B6-51C9-4920-8D2D-FE3C9D033D2A}
	EndProjectSection
EndProject
Project("{FAE04EC0-301F-11D3-BF4B-00C04F79EFBC}") = "UCMAHelper", "..\UCMAHelper\UCMAHelper.csproj", "{54CCEA63-6603-4968-BE3A-9C6DE6F8EF8F}"
	ProjectSection(ProjectDependencies) = postProject
		{9E7367B6-51C9-4920-8D2D-FE3C9D033D2A} = {9E7367B6-51C9-4920-8D2D-FE3C9D033D2A}
	EndProjectSection
EndProject
Project("{FAE04EC0-301F-11D3-BF4B-00C04F79EFBC}") = "SFBControlPanel", "..\..\Manager\SFBControlPanel\SFBControlPanel.csproj", "{0EFA4A44-713D-4D5B-A48E-F7AF6EEABFE9}"
	ProjectSection(ProjectDependencies) = postProject
		{9E7367B6-51C9-4920-8D2D-FE3C9D033D2A} = {9E7367B6-51C9-4920-8D2D-FE3C9D033D2A}
		{14A0A2C1-1E68-401D-95E7-B516582C0301} = {14A0A2C1-1E68-401D-95E7-B516582C0301}
	EndProjectSection
EndProject
Global
	GlobalSection(SolutionConfigurationPlatforms) = preSolution
		Debug|Any CPU = Debug|Any CPU
		Debug|x64 = Debug|x64
		Debug|x86 = Debug|x86
		Release|Any CPU = Release|Any CPU
		Release|x64 = Release|x64
		Release|x86 = Release|x86
	EndGlobalSection
	GlobalSection(ProjectConfigurationPlatforms) = postSolution
		{9E7367B6-51C9-4920-8D2D-FE3C9D033D2A}.Debug|Any CPU.ActiveCfg = Debug|Any CPU
		{9E7367B6-51C9-4920-8D2D-FE3C9D033D2A}.Debug|Any CPU.Build.0 = Debug|Any CPU
		{9E7367B6-51C9-4920-8D2D-FE3C9D033D2A}.Debug|x64.ActiveCfg = Debug|x64
		{9E7367B6-51C9-4920-8D2D-FE3C9D033D2A}.Debug|x64.Build.0 = Debug|x64
		{9E7367B6-51C9-4920-8D2D-FE3C9D033D2A}.Debug|x86.ActiveCfg = Debug|x86
		{9E7367B6-51C9-4920-8D2D-FE3C9D033D2A}.Debug|x86.Build.0 = Debug|x86
		{9E7367B6-51C9-4920-8D2D-FE3C9D033D2A}.Release|Any CPU.ActiveCfg = Release|Any CPU
		{9E7367B6-51C9-4920-8D2D-FE3C9D033D2A}.Release|Any CPU.Build.0 = Release|Any CPU
		{9E7367B6-51C9-4920-8D2D-FE3C9D033D2A}.Release|x64.ActiveCfg = Release|x64
		{9E7367B6-51C9-4920-8D2D-FE3C9D033D2A}.Release|x64.Build.0 = Release|x64
		{9E7367B6-51C9-4920-8D2D-FE3C9D033D2A}.Release|x86.ActiveCfg = Release|x86
		{9E7367B6-51C9-4920-8D2D-FE3C9D033D2A}.Release|x86.Build.0 = Release|x86
		{D897900F-D85A-4869-B2BC-A70163D7E963}.Debug|Any CPU.ActiveCfg = Debug|Any CPU
		{D897900F-D85A-4869-B2BC-A70163D7E963}.Debug|Any CPU.Build.0 = Debug|Any CPU
		{D897900F-D85A-4869-B2BC-A70163D7E963}.Debug|x64.ActiveCfg = Debug|x64
		{D897900F-D85A-4869-B2BC-A70163D7E963}.Debug|x64.Build.0 = Debug|x64
		{D897900F-D85A-4869-B2BC-A70163D7E963}.Debug|x86.ActiveCfg = Debug|Any CPU
		{D897900F-D85A-4869-B2BC-A70163D7E963}.Release|Any CPU.ActiveCfg = Release|Any CPU
		{D897900F-D85A-4869-B2BC-A70163D7E963}.Release|Any CPU.Build.0 = Release|Any CPU
		{D897900F-D85A-4869-B2BC-A70163D7E963}.Release|x64.ActiveCfg = Release|x64
		{D897900F-D85A-4869-B2BC-A70163D7E963}.Release|x64.Build.0 = Release|x64
		{D897900F-D85A-4869-B2BC-A70163D7E963}.Release|x86.ActiveCfg = Release|Any CPU
		{14A0A2C1-1E68-401D-95E7-B516582C0301}.Debug|Any CPU.ActiveCfg = Debug|Any CPU
		{14A0A2C1-1E68-401D-95E7-B516582C0301}.Debug|Any CPU.Build.0 = Debug|Any CPU
		{14A0A2C1-1E68-401D-95E7-B516582C0301}.Debug|x64.ActiveCfg = Debug|x64
		{14A0A2C1-1E68-401D-95E7-B516582C0301}.Debug|x64.Build.0 = Debug|x64
		{14A0A2C1-1E68-401D-95E7-B516582C0301}.Debug|x86.ActiveCfg = Debug|Any CPU
		{14A0A2C1-1E68-401D-95E7-B516582C0301}.Release|Any CPU.ActiveCfg = Release|Any CPU
		{14A0A2C1-1E68-401D-95E7-B516582C0301}.Release|Any CPU.Build.0 = Release|Any CPU
		{14A0A2C1-1E68-401D-95E7-B516582C0301}.Release|x64.ActiveCfg = Release|x64
		{14A0A2C1-1E68-401D-95E7-B516582C0301}.Release|x64.Build.0 = Release|x64
		{14A0A2C1-1E68-401D-95E7-B516582C0301}.Release|x86.ActiveCfg = Release|Any CPU
		{18916EE4-BD0A-40C6-B368-1DED56DCA1D3}.Debug|Any CPU.ActiveCfg = Debug|Any CPU
		{18916EE4-BD0A-40C6-B368-1DED56DCA1D3}.Debug|Any CPU.Build.0 = Debug|Any CPU
		{18916EE4-BD0A-40C6-B368-1DED56DCA1D3}.Debug|x64.ActiveCfg = Debug|x64
		{18916EE4-BD0A-40C6-B368-1DED56DCA1D3}.Debug|x64.Build.0 = Debug|x64
		{18916EE4-BD0A-40C6-B368-1DED56DCA1D3}.Debug|x86.ActiveCfg = Debug|x86
		{18916EE4-BD0A-40C6-B368-1DED56DCA1D3}.Debug|x86.Build.0 = Debug|x86
		{18916EE4-BD0A-40C6-B368-1DED56DCA1D3}.Release|Any CPU.ActiveCfg = Release|Any CPU
		{18916EE4-BD0A-40C6-B368-1DED56DCA1D3}.Release|Any CPU.Build.0 = Release|Any CPU
		{18916EE4-BD0A-40C6-B368-1DED56DCA1D3}.Release|x64.ActiveCfg = Release|x64
		{18916EE4-BD0A-40C6-B368-1DED56DCA1D3}.Release|x64.Build.0 = Release|x64
		{18916EE4-BD0A-40C6-B368-1DED56DCA1D3}.Release|x86.ActiveCfg = Release|x86
		{18916EE4-BD0A-40C6-B368-1DED56DCA1D3}.Release|x86.Build.0 = Release|x86
		{F3433367-2C9C-4A67-8A36-DB660D7CECC6}.Debug|Any CPU.ActiveCfg = Debug|Any CPU
		{F3433367-2C9C-4A67-8A36-DB660D7CECC6}.Debug|Any CPU.Build.0 = Debug|Any CPU
		{F3433367-2C9C-4A67-8A36-DB660D7CECC6}.Debug|x64.ActiveCfg = Debug|x64
		{F3433367-2C9C-4A67-8A36-DB660D7CECC6}.Debug|x64.Build.0 = Debug|x64
		{F3433367-2C9C-4A67-8A36-DB660D7CECC6}.Debug|x86.ActiveCfg = Debug|Any CPU
		{F3433367-2C9C-4A67-8A36-DB660D7CECC6}.Release|Any CPU.ActiveCfg = Release|Any CPU
		{F3433367-2C9C-4A67-8A36-DB660D7CECC6}.Release|Any CPU.Build.0 = Release|Any CPU
		{F3433367-2C9C-4A67-8A36-DB660D7CECC6}.Release|x64.ActiveCfg = Release|x64
		{F3433367-2C9C-4A67-8A36-DB660D7CECC6}.Release|x64.Build.0 = Release|x64
		{F3433367-2C9C-4A67-8A36-DB660D7CECC6}.Release|x86.ActiveCfg = Release|Any CPU
		{69911AB0-BB4F-4361-B0F5-E4608A43BA0B}.Debug|Any CPU.ActiveCfg = Debug|Any CPU
		{69911AB0-BB4F-4361-B0F5-E4608A43BA0B}.Debug|Any CPU.Build.0 = Debug|Any CPU
		{69911AB0-BB4F-4361-B0F5-E4608A43BA0B}.Debug|x64.ActiveCfg = Debug|x64
		{69911AB0-BB4F-4361-B0F5-E4608A43BA0B}.Debug|x64.Build.0 = Debug|x64
		{69911AB0-BB4F-4361-B0F5-E4608A43BA0B}.Debug|x86.ActiveCfg = Debug|x86
		{69911AB0-BB4F-4361-B0F5-E4608A43BA0B}.Debug|x86.Build.0 = Debug|x86
		{69911AB0-BB4F-4361-B0F5-E4608A43BA0B}.Release|Any CPU.ActiveCfg = Release|Any CPU
		{69911AB0-BB4F-4361-B0F5-E4608A43BA0B}.Release|Any CPU.Build.0 = Release|Any CPU
		{69911AB0-BB4F-4361-B0F5-E4608A43BA0B}.Release|x64.ActiveCfg = Release|x64
		{69911AB0-BB4F-4361-B0F5-E4608A43BA0B}.Release|x64.Build.0 = Release|x64
		{69911AB0-BB4F-4361-B0F5-E4608A43BA0B}.Release|x86.ActiveCfg = Release|x86
		{69911AB0-BB4F-4361-B0F5-E4608A43BA0B}.Release|x86.Build.0 = Release|x86
		{141D1F41-808B-4E00-A698-A7702DDAD74C}.Debug|Any CPU.ActiveCfg = Debug|Any CPU
		{141D1F41-808B-4E00-A698-A7702DDAD74C}.Debug|Any CPU.Build.0 = Debug|Any CPU
		{141D1F41-808B-4E00-A698-A7702DDAD74C}.Debug|x64.ActiveCfg = Debug|x64
		{141D1F41-808B-4E00-A698-A7702DDAD74C}.Debug|x64.Build.0 = Debug|x64
		{141D1F41-808B-4E00-A698-A7702DDAD74C}.Debug|x86.ActiveCfg = Debug|Any CPU
		{141D1F41-808B-4E00-A698-A7702DDAD74C}.Release|Any CPU.ActiveCfg = Release|Any CPU
		{141D1F41-808B-4E00-A698-A7702DDAD74C}.Release|Any CPU.Build.0 = Release|Any CPU
		{141D1F41-808B-4E00-A698-A7702DDAD74C}.Release|x64.ActiveCfg = Release|x64
		{141D1F41-808B-4E00-A698-A7702DDAD74C}.Release|x64.Build.0 = Release|x64
		{141D1F41-808B-4E00-A698-A7702DDAD74C}.Release|x86.ActiveCfg = Release|Any CPU
		{54CCEA63-6603-4968-BE3A-9C6DE6F8EF8F}.Debug|Any CPU.ActiveCfg = Debug|Any CPU
		{54CCEA63-6603-4968-BE3A-9C6DE6F8EF8F}.Debug|Any CPU.Build.0 = Debug|Any CPU
		{54CCEA63-6603-4968-BE3A-9C6DE6F8EF8F}.Debug|x64.ActiveCfg = Debug|x64
		{54CCEA63-6603-4968-BE3A-9C6DE6F8EF8F}.Debug|x64.Build.0 = Debug|x64
		{54CCEA63-6603-4968-BE3A-9C6DE6F8EF8F}.Debug|x86.ActiveCfg = Debug|Any CPU
		{54CCEA63-6603-4968-BE3A-9C6DE6F8EF8F}.Release|Any CPU.ActiveCfg = Release|Any CPU
		{54CCEA63-6603-4968-BE3A-9C6DE6F8EF8F}.Release|Any CPU.Build.0 = Release|Any CPU
		{54CCEA63-6603-4968-BE3A-9C6DE6F8EF8F}.Release|x64.ActiveCfg = Release|x64
		{54CCEA63-6603-4968-BE3A-9C6DE6F8EF8F}.Release|x64.Build.0 = Release|x64
		{54CCEA63-6603-4968-BE3A-9C6DE6F8EF8F}.Release|x86.ActiveCfg = Release|Any CPU
		{0EFA4A44-713D-4D5B-A48E-F7AF6EEABFE9}.Debug|Any CPU.ActiveCfg = Debug|Any CPU
		{0EFA4A44-713D-4D5B-A48E-F7AF6EEABFE9}.Debug|Any CPU.Build.0 = Debug|Any CPU
		{0EFA4A44-713D-4D5B-A48E-F7AF6EEABFE9}.Debug|x64.ActiveCfg = Debug|x64
		{0EFA4A44-713D-4D5B-A48E-F7AF6EEABFE9}.Debug|x64.Build.0 = Debug|x64
		{0EFA4A44-713D-4D5B-A48E-F7AF6EEABFE9}.Debug|x86.ActiveCfg = Debug|Any CPU
		{0EFA4A44-713D-4D5B-A48E-F7AF6EEABFE9}.Release|Any CPU.ActiveCfg = Release|Any CPU
		{0EFA4A44-713D-4D5B-A48E-F7AF6EEABFE9}.Release|Any CPU.Build.0 = Release|Any CPU
		{0EFA4A44-713D-4D5B-A48E-F7AF6EEABFE9}.Release|x64.ActiveCfg = Release|x64
		{0EFA4A44-713D-4D5B-A48E-F7AF6EEABFE9}.Release|x64.Build.0 = Release|x64
		{0EFA4A44-713D-4D5B-A48E-F7AF6EEABFE9}.Release|x86.ActiveCfg = Release|Any CPU
	EndGlobalSection
	GlobalSection(SolutionProperties) = preSolution
		HideSolutionNode = FALSE
	EndGlobalSection
EndGlobal
